{
  "requires": true,
  "lockfileVersion": 1,
  "dependencies": {
    "random-color-pair": {
      "version": "1.0.5",
      "resolved": "https://registry.npmjs.org/random-color-pair/-/random-color-pair-1.0.5.tgz",
      "integrity": "sha512-nxmgJRCt5N/5uU+BPypEZpMzJzDWB8KAg9KFAdubr0X6T6dkAqsPfcTHTzNeT5UvrxietQSFHb4eCEqGNvvn+A==",
      "requires": {
        "randomcolor": "^0.6.2"
      }
    },
    "randomcolor": {
      "version": "0.6.2",
      "resolved": "https://registry.npmjs.org/randomcolor/-/randomcolor-0.6.2.tgz",
      "integrity": "sha512-Mn6TbyYpFgwFuQ8KJKqf3bqqY9O1y37/0jgSK/61PUxV4QfIMv0+K2ioq8DfOjkBslcjwSzRfIDEXfzA9aCx7A=="
    }
  }
}
